// !$*UTF8*$!
{
	archiveVersion = 1;
	classes = {
	};
	objectVersion = 56;
	objects = {

/* Begin PBXBuildFile section */
		645B65CA2BB2DFBB00118986 /* ChartDataPoint.swift in Sources */ = {isa = PBXBuildFile; fileRef = 645B65C92BB2DFBB00118986 /* ChartDataPoint.swift */; };
		645B65CC2BB2E42000118986 /* View.swift in Sources */ = {isa = PBXBuildFile; fileRef = 645B65CB2BB2E42000118986 /* View.swift */; };
		645B65CE2BB2E58C00118986 /* DaysSelection.swift in Sources */ = {isa = PBXBuildFile; fileRef = 645B65CD2BB2E58C00118986 /* DaysSelection.swift */; };
		64C17D502BAC2CA1002AB96C /* CryptoCoinsApp.swift in Sources */ = {isa = PBXBuildFile; fileRef = 64C17D4F2BAC2CA1002AB96C /* CryptoCoinsApp.swift */; };
		64C17D542BAC2CA3002AB96C /* Assets.xcassets in Resources */ = {isa = PBXBuildFile; fileRef = 64C17D532BAC2CA3002AB96C /* Assets.xcassets */; };
		64C17D582BAC2CA3002AB96C /* Preview Assets.xcassets in Resources */ = {isa = PBXBuildFile; fileRef = 64C17D572BAC2CA3002AB96C /* Preview Assets.xcassets */; };
		64C17D622BAC2CA4002AB96C /* CryptoCoinsTests.swift in Sources */ = {isa = PBXBuildFile; fileRef = 64C17D612BAC2CA4002AB96C /* CryptoCoinsTests.swift */; };
		64C17D6C2BAC2CA4002AB96C /* CryptoCoinsUITests.swift in Sources */ = {isa = PBXBuildFile; fileRef = 64C17D6B2BAC2CA4002AB96C /* CryptoCoinsUITests.swift */; };
		64C17D6E2BAC2CA4002AB96C /* CryptoCoinsUITestsLaunchTests.swift in Sources */ = {isa = PBXBuildFile; fileRef = 64C17D6D2BAC2CA4002AB96C /* CryptoCoinsUITestsLaunchTests.swift */; };
		64C17D7B2BAC2CD1002AB96C /* CryptoCurrency.swift in Sources */ = {isa = PBXBuildFile; fileRef = 64C17D7A2BAC2CD1002AB96C /* CryptoCurrency.swift */; };
		64C17D802BAC2D9E002AB96C /* GetGlobalCryptoListUseCase.swift in Sources */ = {isa = PBXBuildFile; fileRef = 64C17D7F2BAC2D9E002AB96C /* GetGlobalCryptoListUseCase.swift */; };
		64C17D832BAC30A1002AB96C /* GlobalCryptoRepositoryProtocol.swift in Sources */ = {isa = PBXBuildFile; fileRef = 64C17D822BAC30A1002AB96C /* GlobalCryptoRepositoryProtocol.swift */; };
		64C17D852BAC30DD002AB96C /* DomainError.swift in Sources */ = {isa = PBXBuildFile; fileRef = 64C17D842BAC30DD002AB96C /* DomainError.swift */; };
		64C17D892BAC31F8002AB96C /* GlobalCryptoRepository.swift in Sources */ = {isa = PBXBuildFile; fileRef = 64C17D882BAC31F8002AB96C /* GlobalCryptoRepository.swift */; };
		64C17D8B2BAC9D8F002AB96C /* CryptoCurrencyDomainMapper.swift in Sources */ = {isa = PBXBuildFile; fileRef = 64C17D8A2BAC9D8F002AB96C /* CryptoCurrencyDomainMapper.swift */; };
		64C17D8D2BAC9E6C002AB96C /* CryptoCurrencyBuilder.swift in Sources */ = {isa = PBXBuildFile; fileRef = 64C17D8C2BAC9E6C002AB96C /* CryptoCurrencyBuilder.swift */; };
		64C17D8F2BAC9F4A002AB96C /* DomainErrorMapper.swift in Sources */ = {isa = PBXBuildFile; fileRef = 64C17D8E2BAC9F4A002AB96C /* DomainErrorMapper.swift */; };
		64C17D922BAC9FAD002AB96C /* Result.swift in Sources */ = {isa = PBXBuildFile; fileRef = 64C17D912BAC9FAD002AB96C /* Result.swift */; };
		64C17D972BACA109002AB96C /* CryptoCurrencyPriceInfoDTO.swift in Sources */ = {isa = PBXBuildFile; fileRef = 64C17D962BACA109002AB96C /* CryptoCurrencyPriceInfoDTO.swift */; };
		64C17D992BACA1BD002AB96C /* CryptoCurrencyBasicDTO.swift in Sources */ = {isa = PBXBuildFile; fileRef = 64C17D982BACA1BD002AB96C /* CryptoCurrencyBasicDTO.swift */; };
		64C17D9B2BACA246002AB96C /* HTTPClientError.swift in Sources */ = {isa = PBXBuildFile; fileRef = 64C17D9A2BACA246002AB96C /* HTTPClientError.swift */; };
		64C17D9D2BACA282002AB96C /* APICurrenciesDataSourceProtocol.swift in Sources */ = {isa = PBXBuildFile; fileRef = 64C17D9C2BACA282002AB96C /* APICurrenciesDataSourceProtocol.swift */; };
		64C17D9F2BAF37D2002AB96C /* HTTPRequest.swift in Sources */ = {isa = PBXBuildFile; fileRef = 64C17D9E2BAF37D2002AB96C /* HTTPRequest.swift */; };
		64C17DA12BAF383A002AB96C /* HTTPMethod.swift in Sources */ = {isa = PBXBuildFile; fileRef = 64C17DA02BAF383A002AB96C /* HTTPMethod.swift */; };
		64C17DA32BAF3891002AB96C /* APICurrenciesDataSource.swift in Sources */ = {isa = PBXBuildFile; fileRef = 64C17DA22BAF3891002AB96C /* APICurrenciesDataSource.swift */; };
		64C17DA52BAF3BC1002AB96C /* CryptoCurrencyGlobalInfoDTO.swift in Sources */ = {isa = PBXBuildFile; fileRef = 64C17DA42BAF3BC1002AB96C /* CryptoCurrencyGlobalInfoDTO.swift */; };
		64C17DA72BAF3ED5002AB96C /* HTTPClient.swift in Sources */ = {isa = PBXBuildFile; fileRef = 64C17DA62BAF3ED5002AB96C /* HTTPClient.swift */; };
		64C17DAB2BAF768D002AB96C /* HTTPErrorResolver.swift in Sources */ = {isa = PBXBuildFile; fileRef = 64C17DAA2BAF768D002AB96C /* HTTPErrorResolver.swift */; };
		64C17DAD2BAF76A5002AB96C /* HTTPRequestBuilder.swift in Sources */ = {isa = PBXBuildFile; fileRef = 64C17DAC2BAF76A5002AB96C /* HTTPRequestBuilder.swift */; };
		64C17DB02BAF7ED7002AB96C /* GlobalCryptoViewModel.swift in Sources */ = {isa = PBXBuildFile; fileRef = 64C17DAF2BAF7ED7002AB96C /* GlobalCryptoViewModel.swift */; };
		64C17DB32BAF7FE6002AB96C /* GlobalCryptoView.swift in Sources */ = {isa = PBXBuildFile; fileRef = 64C17DB22BAF7FE6002AB96C /* GlobalCryptoView.swift */; };
		64C17DB62BAF8241002AB96C /* CryptoCurrencyViewItem.swift in Sources */ = {isa = PBXBuildFile; fileRef = 64C17DB52BAF8241002AB96C /* CryptoCurrencyViewItem.swift */; };
		64C17DB92BB02EE1002AB96C /* GlobalCryptoFactory.swift in Sources */ = {isa = PBXBuildFile; fileRef = 64C17DB82BB02EE1002AB96C /* GlobalCryptoFactory.swift */; };
		64C17DBC2BB0555C002AB96C /* CryptoItemView.swift in Sources */ = {isa = PBXBuildFile; fileRef = 64C17DBB2BB0555C002AB96C /* CryptoItemView.swift */; };
		64C17DBE2BB05937002AB96C /* Double.swift in Sources */ = {isa = PBXBuildFile; fileRef = 64C17DBD2BB05937002AB96C /* Double.swift */; };
		64C17DC02BB0741F002AB96C /* PresentationErrorMapper.swift in Sources */ = {isa = PBXBuildFile; fileRef = 64C17DBF2BB0741F002AB96C /* PresentationErrorMapper.swift */; };
		64C17DC22BB07F11002AB96C /* PriceHistory.swift in Sources */ = {isa = PBXBuildFile; fileRef = 64C17DC12BB07F11002AB96C /* PriceHistory.swift */; };
		64C17DC42BB07F51002AB96C /* GetPriceHistoryUseCase.swift in Sources */ = {isa = PBXBuildFile; fileRef = 64C17DC32BB07F51002AB96C /* GetPriceHistoryUseCase.swift */; };
		64C17DC62BB0807B002AB96C /* PriceHistoryRepositoryProtocol.swift in Sources */ = {isa = PBXBuildFile; fileRef = 64C17DC52BB0807B002AB96C /* PriceHistoryRepositoryProtocol.swift */; };
		64C17DC82BB080F2002AB96C /* PriceHistoryRepository.swift in Sources */ = {isa = PBXBuildFile; fileRef = 64C17DC72BB080F2002AB96C /* PriceHistoryRepository.swift */; };
		64C17DCA2BB081C3002AB96C /* APIPricesDataSourceProtocol.swift in Sources */ = {isa = PBXBuildFile; fileRef = 64C17DC92BB081C3002AB96C /* APIPricesDataSourceProtocol.swift */; };
		64C17DCC2BB08205002AB96C /* APIPricesDataSource.swift in Sources */ = {isa = PBXBuildFile; fileRef = 64C17DCB2BB08205002AB96C /* APIPricesDataSource.swift */; };
		64C17DCE2BB08231002AB96C /* PriceHistoryDTO.swift in Sources */ = {isa = PBXBuildFile; fileRef = 64C17DCD2BB08231002AB96C /* PriceHistoryDTO.swift */; };
		64C17DD02BB08303002AB96C /* PriceHistoryDomainMapper.swift in Sources */ = {isa = PBXBuildFile; fileRef = 64C17DCF2BB08303002AB96C /* PriceHistoryDomainMapper.swift */; };
		64C17DD22BB09436002AB96C /* CryptoDetailViewModel.swift in Sources */ = {isa = PBXBuildFile; fileRef = 64C17DD12BB09436002AB96C /* CryptoDetailViewModel.swift */; };
		64C17DD42BB09453002AB96C /* CryptoDetailView.swift in Sources */ = {isa = PBXBuildFile; fileRef = 64C17DD32BB09453002AB96C /* CryptoDetailView.swift */; };
		64C17DD62BB094C0002AB96C /* CryptoDetailHeaderView.swift in Sources */ = {isa = PBXBuildFile; fileRef = 64C17DD52BB094C0002AB96C /* CryptoDetailHeaderView.swift */; };
		64C17DD82BB0AF3E002AB96C /* CryptoDetailFactory.swift in Sources */ = {isa = PBXBuildFile; fileRef = 64C17DD72BB0AF3E002AB96C /* CryptoDetailFactory.swift */; };
		64C17DDA2BB0B39B002AB96C /* CreateCryptoDetailViewProtocol.swift in Sources */ = {isa = PBXBuildFile; fileRef = 64C17DD92BB0B39B002AB96C /* CreateCryptoDetailViewProtocol.swift */; };
/* End PBXBuildFile section */

/* Begin PBXContainerItemProxy section */
		64C17D5E2BAC2CA4002AB96C /* PBXContainerItemProxy */ = {
			isa = PBXContainerItemProxy;
			containerPortal = 64C17D442BAC2CA1002AB96C /* Project object */;
			proxyType = 1;
			remoteGlobalIDString = 64C17D4B2BAC2CA1002AB96C;
			remoteInfo = CryptoCoins;
		};
		64C17D682BAC2CA4002AB96C /* PBXContainerItemProxy */ = {
			isa = PBXContainerItemProxy;
			containerPortal = 64C17D442BAC2CA1002AB96C /* Project object */;
			proxyType = 1;
			remoteGlobalIDString = 64C17D4B2BAC2CA1002AB96C;
			remoteInfo = CryptoCoins;
		};
/* End PBXContainerItemProxy section */

/* Begin PBXFileReference section */
		645B65C92BB2DFBB00118986 /* ChartDataPoint.swift */ = {isa = PBXFileReference; lastKnownFileType = sourcecode.swift; path = ChartDataPoint.swift; sourceTree = "<group>"; };
		645B65CB2BB2E42000118986 /* View.swift */ = {isa = PBXFileReference; lastKnownFileType = sourcecode.swift; path = View.swift; sourceTree = "<group>"; };
		645B65CD2BB2E58C00118986 /* DaysSelection.swift */ = {isa = PBXFileReference; lastKnownFileType = sourcecode.swift; path = DaysSelection.swift; sourceTree = "<group>"; };
		64C17D4C2BAC2CA1002AB96C /* CryptoCoins.app */ = {isa = PBXFileReference; explicitFileType = wrapper.application; includeInIndex = 0; path = CryptoCoins.app; sourceTree = BUILT_PRODUCTS_DIR; };
		64C17D4F2BAC2CA1002AB96C /* CryptoCoinsApp.swift */ = {isa = PBXFileReference; lastKnownFileType = sourcecode.swift; path = CryptoCoinsApp.swift; sourceTree = "<group>"; };
		64C17D532BAC2CA3002AB96C /* Assets.xcassets */ = {isa = PBXFileReference; lastKnownFileType = folder.assetcatalog; path = Assets.xcassets; sourceTree = "<group>"; };
		64C17D552BAC2CA3002AB96C /* CryptoCoins.entitlements */ = {isa = PBXFileReference; lastKnownFileType = text.plist.entitlements; path = CryptoCoins.entitlements; sourceTree = "<group>"; };
		64C17D572BAC2CA3002AB96C /* Preview Assets.xcassets */ = {isa = PBXFileReference; lastKnownFileType = folder.assetcatalog; path = "Preview Assets.xcassets"; sourceTree = "<group>"; };
		64C17D5D2BAC2CA4002AB96C /* CryptoCoinsTests.xctest */ = {isa = PBXFileReference; explicitFileType = wrapper.cfbundle; includeInIndex = 0; path = CryptoCoinsTests.xctest; sourceTree = BUILT_PRODUCTS_DIR; };
		64C17D612BAC2CA4002AB96C /* CryptoCoinsTests.swift */ = {isa = PBXFileReference; lastKnownFileType = sourcecode.swift; path = CryptoCoinsTests.swift; sourceTree = "<group>"; };
		64C17D672BAC2CA4002AB96C /* CryptoCoinsUITests.xctest */ = {isa = PBXFileReference; explicitFileType = wrapper.cfbundle; includeInIndex = 0; path = CryptoCoinsUITests.xctest; sourceTree = BUILT_PRODUCTS_DIR; };
		64C17D6B2BAC2CA4002AB96C /* CryptoCoinsUITests.swift */ = {isa = PBXFileReference; lastKnownFileType = sourcecode.swift; path = CryptoCoinsUITests.swift; sourceTree = "<group>"; };
		64C17D6D2BAC2CA4002AB96C /* CryptoCoinsUITestsLaunchTests.swift */ = {isa = PBXFileReference; lastKnownFileType = sourcecode.swift; path = CryptoCoinsUITestsLaunchTests.swift; sourceTree = "<group>"; };
		64C17D7A2BAC2CD1002AB96C /* CryptoCurrency.swift */ = {isa = PBXFileReference; lastKnownFileType = sourcecode.swift; path = CryptoCurrency.swift; sourceTree = "<group>"; };
		64C17D7F2BAC2D9E002AB96C /* GetGlobalCryptoListUseCase.swift */ = {isa = PBXFileReference; lastKnownFileType = sourcecode.swift; path = GetGlobalCryptoListUseCase.swift; sourceTree = "<group>"; };
		64C17D822BAC30A1002AB96C /* GlobalCryptoRepositoryProtocol.swift */ = {isa = PBXFileReference; lastKnownFileType = sourcecode.swift; path = GlobalCryptoRepositoryProtocol.swift; sourceTree = "<group>"; };
		64C17D842BAC30DD002AB96C /* DomainError.swift */ = {isa = PBXFileReference; lastKnownFileType = sourcecode.swift; path = DomainError.swift; sourceTree = "<group>"; };
		64C17D882BAC31F8002AB96C /* GlobalCryptoRepository.swift */ = {isa = PBXFileReference; lastKnownFileType = sourcecode.swift; path = GlobalCryptoRepository.swift; sourceTree = "<group>"; };
		64C17D8A2BAC9D8F002AB96C /* CryptoCurrencyDomainMapper.swift */ = {isa = PBXFileReference; lastKnownFileType = sourcecode.swift; path = CryptoCurrencyDomainMapper.swift; sourceTree = "<group>"; };
		64C17D8C2BAC9E6C002AB96C /* CryptoCurrencyBuilder.swift */ = {isa = PBXFileReference; lastKnownFileType = sourcecode.swift; path = CryptoCurrencyBuilder.swift; sourceTree = "<group>"; };
		64C17D8E2BAC9F4A002AB96C /* DomainErrorMapper.swift */ = {isa = PBXFileReference; lastKnownFileType = sourcecode.swift; path = DomainErrorMapper.swift; sourceTree = "<group>"; };
		64C17D912BAC9FAD002AB96C /* Result.swift */ = {isa = PBXFileReference; lastKnownFileType = sourcecode.swift; path = Result.swift; sourceTree = "<group>"; };
		64C17D962BACA109002AB96C /* CryptoCurrencyPriceInfoDTO.swift */ = {isa = PBXFileReference; lastKnownFileType = sourcecode.swift; path = CryptoCurrencyPriceInfoDTO.swift; sourceTree = "<group>"; };
		64C17D982BACA1BD002AB96C /* CryptoCurrencyBasicDTO.swift */ = {isa = PBXFileReference; lastKnownFileType = sourcecode.swift; path = CryptoCurrencyBasicDTO.swift; sourceTree = "<group>"; };
		64C17D9A2BACA246002AB96C /* HTTPClientError.swift */ = {isa = PBXFileReference; lastKnownFileType = sourcecode.swift; path = HTTPClientError.swift; sourceTree = "<group>"; };
		64C17D9C2BACA282002AB96C /* APICurrenciesDataSourceProtocol.swift */ = {isa = PBXFileReference; lastKnownFileType = sourcecode.swift; path = APICurrenciesDataSourceProtocol.swift; sourceTree = "<group>"; };
		64C17D9E2BAF37D2002AB96C /* HTTPRequest.swift */ = {isa = PBXFileReference; lastKnownFileType = sourcecode.swift; path = HTTPRequest.swift; sourceTree = "<group>"; };
		64C17DA02BAF383A002AB96C /* HTTPMethod.swift */ = {isa = PBXFileReference; lastKnownFileType = sourcecode.swift; path = HTTPMethod.swift; sourceTree = "<group>"; };
		64C17DA22BAF3891002AB96C /* APICurrenciesDataSource.swift */ = {isa = PBXFileReference; lastKnownFileType = sourcecode.swift; path = APICurrenciesDataSource.swift; sourceTree = "<group>"; };
		64C17DA42BAF3BC1002AB96C /* CryptoCurrencyGlobalInfoDTO.swift */ = {isa = PBXFileReference; lastKnownFileType = sourcecode.swift; path = CryptoCurrencyGlobalInfoDTO.swift; sourceTree = "<group>"; };
		64C17DA62BAF3ED5002AB96C /* HTTPClient.swift */ = {isa = PBXFileReference; lastKnownFileType = sourcecode.swift; path = HTTPClient.swift; sourceTree = "<group>"; };
		64C17DAA2BAF768D002AB96C /* HTTPErrorResolver.swift */ = {isa = PBXFileReference; lastKnownFileType = sourcecode.swift; path = HTTPErrorResolver.swift; sourceTree = "<group>"; };
		64C17DAC2BAF76A5002AB96C /* HTTPRequestBuilder.swift */ = {isa = PBXFileReference; lastKnownFileType = sourcecode.swift; path = HTTPRequestBuilder.swift; sourceTree = "<group>"; };
		64C17DAF2BAF7ED7002AB96C /* GlobalCryptoViewModel.swift */ = {isa = PBXFileReference; lastKnownFileType = sourcecode.swift; path = GlobalCryptoViewModel.swift; sourceTree = "<group>"; };
		64C17DB22BAF7FE6002AB96C /* GlobalCryptoView.swift */ = {isa = PBXFileReference; lastKnownFileType = sourcecode.swift; path = GlobalCryptoView.swift; sourceTree = "<group>"; };
		64C17DB52BAF8241002AB96C /* CryptoCurrencyViewItem.swift */ = {isa = PBXFileReference; lastKnownFileType = sourcecode.swift; path = CryptoCurrencyViewItem.swift; sourceTree = "<group>"; };
		64C17DB82BB02EE1002AB96C /* GlobalCryptoFactory.swift */ = {isa = PBXFileReference; lastKnownFileType = sourcecode.swift; path = GlobalCryptoFactory.swift; sourceTree = "<group>"; };
		64C17DBB2BB0555C002AB96C /* CryptoItemView.swift */ = {isa = PBXFileReference; lastKnownFileType = sourcecode.swift; path = CryptoItemView.swift; sourceTree = "<group>"; };
		64C17DBD2BB05937002AB96C /* Double.swift */ = {isa = PBXFileReference; lastKnownFileType = sourcecode.swift; path = Double.swift; sourceTree = "<group>"; };
		64C17DBF2BB0741F002AB96C /* PresentationErrorMapper.swift */ = {isa = PBXFileReference; lastKnownFileType = sourcecode.swift; path = PresentationErrorMapper.swift; sourceTree = "<group>"; };
		64C17DC12BB07F11002AB96C /* PriceHistory.swift */ = {isa = PBXFileReference; lastKnownFileType = sourcecode.swift; path = PriceHistory.swift; sourceTree = "<group>"; };
		64C17DC32BB07F51002AB96C /* GetPriceHistoryUseCase.swift */ = {isa = PBXFileReference; lastKnownFileType = sourcecode.swift; path = GetPriceHistoryUseCase.swift; sourceTree = "<group>"; };
		64C17DC52BB0807B002AB96C /* PriceHistoryRepositoryProtocol.swift */ = {isa = PBXFileReference; lastKnownFileType = sourcecode.swift; path = PriceHistoryRepositoryProtocol.swift; sourceTree = "<group>"; };
		64C17DC72BB080F2002AB96C /* PriceHistoryRepository.swift */ = {isa = PBXFileReference; lastKnownFileType = sourcecode.swift; path = PriceHistoryRepository.swift; sourceTree = "<group>"; };
		64C17DC92BB081C3002AB96C /* APIPricesDataSourceProtocol.swift */ = {isa = PBXFileReference; lastKnownFileType = sourcecode.swift; path = APIPricesDataSourceProtocol.swift; sourceTree = "<group>"; };
		64C17DCB2BB08205002AB96C /* APIPricesDataSource.swift */ = {isa = PBXFileReference; lastKnownFileType = sourcecode.swift; path = APIPricesDataSource.swift; sourceTree = "<group>"; };
		64C17DCD2BB08231002AB96C /* PriceHistoryDTO.swift */ = {isa = PBXFileReference; lastKnownFileType = sourcecode.swift; path = PriceHistoryDTO.swift; sourceTree = "<group>"; };
		64C17DCF2BB08303002AB96C /* PriceHistoryDomainMapper.swift */ = {isa = PBXFileReference; lastKnownFileType = sourcecode.swift; path = PriceHistoryDomainMapper.swift; sourceTree = "<group>"; };
		64C17DD12BB09436002AB96C /* CryptoDetailViewModel.swift */ = {isa = PBXFileReference; lastKnownFileType = sourcecode.swift; path = CryptoDetailViewModel.swift; sourceTree = "<group>"; };
		64C17DD32BB09453002AB96C /* CryptoDetailView.swift */ = {isa = PBXFileReference; lastKnownFileType = sourcecode.swift; path = CryptoDetailView.swift; sourceTree = "<group>"; };
		64C17DD52BB094C0002AB96C /* CryptoDetailHeaderView.swift */ = {isa = PBXFileReference; lastKnownFileType = sourcecode.swift; path = CryptoDetailHeaderView.swift; sourceTree = "<group>"; };
		64C17DD72BB0AF3E002AB96C /* CryptoDetailFactory.swift */ = {isa = PBXFileReference; lastKnownFileType = sourcecode.swift; path = CryptoDetailFactory.swift; sourceTree = "<group>"; };
		64C17DD92BB0B39B002AB96C /* CreateCryptoDetailViewProtocol.swift */ = {isa = PBXFileReference; lastKnownFileType = sourcecode.swift; path = CreateCryptoDetailViewProtocol.swift; sourceTree = "<group>"; };
/* End PBXFileReference section */

/* Begin PBXFrameworksBuildPhase section */
		64C17D492BAC2CA1002AB96C /* Frameworks */ = {
			isa = PBXFrameworksBuildPhase;
			buildActionMask = 2147483647;
			files = (
			);
			runOnlyForDeploymentPostprocessing = 0;
		};
		64C17D5A2BAC2CA4002AB96C /* Frameworks */ = {
			isa = PBXFrameworksBuildPhase;
			buildActionMask = 2147483647;
			files = (
			);
			runOnlyForDeploymentPostprocessing = 0;
		};
		64C17D642BAC2CA4002AB96C /* Frameworks */ = {
			isa = PBXFrameworksBuildPhase;
			buildActionMask = 2147483647;
			files = (
			);
			runOnlyForDeploymentPostprocessing = 0;
		};
/* End PBXFrameworksBuildPhase section */

/* Begin PBXGroup section */
		64C17D432BAC2CA1002AB96C = {
			isa = PBXGroup;
			children = (
				64C17D4E2BAC2CA1002AB96C /* CryptoCoins */,
				64C17D602BAC2CA4002AB96C /* CryptoCoinsTests */,
				64C17D6A2BAC2CA4002AB96C /* CryptoCoinsUITests */,
				64C17D4D2BAC2CA1002AB96C /* Products */,
			);
			sourceTree = "<group>";
		};
		64C17D4D2BAC2CA1002AB96C /* Products */ = {
			isa = PBXGroup;
			children = (
				64C17D4C2BAC2CA1002AB96C /* CryptoCoins.app */,
				64C17D5D2BAC2CA4002AB96C /* CryptoCoinsTests.xctest */,
				64C17D672BAC2CA4002AB96C /* CryptoCoinsUITests.xctest */,
			);
			name = Products;
			sourceTree = "<group>";
		};
		64C17D4E2BAC2CA1002AB96C /* CryptoCoins */ = {
			isa = PBXGroup;
			children = (
				64C17DB72BB02EC5002AB96C /* CompositionRoot */,
				64C17D552BAC2CA3002AB96C /* CryptoCoins.entitlements */,
				64C17D862BAC31D8002AB96C /* Data */,
				64C17D7C2BAC2CE1002AB96C /* Domain */,
				64C17DA82BAF3FD3002AB96C /* Infraesctructure */,
				64C17DAE2BAF7EB9002AB96C /* Presentation */,
				64C17D562BAC2CA3002AB96C /* Preview Content */,
				64C17DBA2BB051BD002AB96C /* Support */,
				64C17DB12BAF7FD0002AB96C /* UI */,
				64C17D902BAC9F99002AB96C /* Utils */,
			);
			path = CryptoCoins;
			sourceTree = "<group>";
		};
		64C17D562BAC2CA3002AB96C /* Preview Content */ = {
			isa = PBXGroup;
			children = (
				64C17D572BAC2CA3002AB96C /* Preview Assets.xcassets */,
			);
			path = "Preview Content";
			sourceTree = "<group>";
		};
		64C17D602BAC2CA4002AB96C /* CryptoCoinsTests */ = {
			isa = PBXGroup;
			children = (
				64C17D612BAC2CA4002AB96C /* CryptoCoinsTests.swift */,
			);
			path = CryptoCoinsTests;
			sourceTree = "<group>";
		};
		64C17D6A2BAC2CA4002AB96C /* CryptoCoinsUITests */ = {
			isa = PBXGroup;
			children = (
				64C17D6B2BAC2CA4002AB96C /* CryptoCoinsUITests.swift */,
				64C17D6D2BAC2CA4002AB96C /* CryptoCoinsUITestsLaunchTests.swift */,
			);
			path = CryptoCoinsUITests;
			sourceTree = "<group>";
		};
		64C17D7C2BAC2CE1002AB96C /* Domain */ = {
			isa = PBXGroup;
			children = (
				64C17D842BAC30DD002AB96C /* DomainError.swift */,
				64C17D7D2BAC2CE6002AB96C /* Entities */,
				64C17D812BAC3080002AB96C /* Interfaces */,
				64C17D7E2BAC2D7F002AB96C /* UseCases */,
			);
			path = Domain;
			sourceTree = "<group>";
		};
		64C17D7D2BAC2CE6002AB96C /* Entities */ = {
			isa = PBXGroup;
			children = (
				64C17D7A2BAC2CD1002AB96C /* CryptoCurrency.swift */,
				64C17DC12BB07F11002AB96C /* PriceHistory.swift */,
			);
			path = Entities;
			sourceTree = "<group>";
		};
		64C17D7E2BAC2D7F002AB96C /* UseCases */ = {
			isa = PBXGroup;
			children = (
				64C17D7F2BAC2D9E002AB96C /* GetGlobalCryptoListUseCase.swift */,
				64C17DC32BB07F51002AB96C /* GetPriceHistoryUseCase.swift */,
			);
			path = UseCases;
			sourceTree = "<group>";
		};
		64C17D812BAC3080002AB96C /* Interfaces */ = {
			isa = PBXGroup;
			children = (
				64C17D822BAC30A1002AB96C /* GlobalCryptoRepositoryProtocol.swift */,
				64C17DC52BB0807B002AB96C /* PriceHistoryRepositoryProtocol.swift */,
			);
			path = Interfaces;
			sourceTree = "<group>";
		};
		64C17D862BAC31D8002AB96C /* Data */ = {
			isa = PBXGroup;
			children = (
				64C17D8C2BAC9E6C002AB96C /* CryptoCurrencyBuilder.swift */,
				64C17D8A2BAC9D8F002AB96C /* CryptoCurrencyDomainMapper.swift */,
				64C17D8E2BAC9F4A002AB96C /* DomainErrorMapper.swift */,
				64C17DCF2BB08303002AB96C /* PriceHistoryDomainMapper.swift */,
				64C17D952BACA095002AB96C /* DTOs */,
				64C17D942BACA08C002AB96C /* Networking */,
				64C17D872BAC31DE002AB96C /* Repositories */,
			);
			path = Data;
			sourceTree = "<group>";
		};
		64C17D872BAC31DE002AB96C /* Repositories */ = {
			isa = PBXGroup;
			children = (
				64C17D882BAC31F8002AB96C /* GlobalCryptoRepository.swift */,
				64C17DC72BB080F2002AB96C /* PriceHistoryRepository.swift */,
			);
			path = Repositories;
			sourceTree = "<group>";
		};
		64C17D902BAC9F99002AB96C /* Utils */ = {
			isa = PBXGroup;
			children = (
				64C17D932BAC9FC2002AB96C /* Extensions */,
			);
			path = Utils;
			sourceTree = "<group>";
		};
		64C17D932BAC9FC2002AB96C /* Extensions */ = {
			isa = PBXGroup;
			children = (
				64C17D912BAC9FAD002AB96C /* Result.swift */,
				64C17DBD2BB05937002AB96C /* Double.swift */,
				645B65CB2BB2E42000118986 /* View.swift */,
			);
			path = Extensions;
			sourceTree = "<group>";
		};
		64C17D942BACA08C002AB96C /* Networking */ = {
			isa = PBXGroup;
			children = (
				64C17DA22BAF3891002AB96C /* APICurrenciesDataSource.swift */,
				64C17D9C2BACA282002AB96C /* APICurrenciesDataSourceProtocol.swift */,
				64C17DCB2BB08205002AB96C /* APIPricesDataSource.swift */,
				64C17DC92BB081C3002AB96C /* APIPricesDataSourceProtocol.swift */,
				64C17D9A2BACA246002AB96C /* HTTPClientError.swift */,
				64C17DA02BAF383A002AB96C /* HTTPMethod.swift */,
				64C17D9E2BAF37D2002AB96C /* HTTPRequest.swift */,
			);
			path = Networking;
			sourceTree = "<group>";
		};
		64C17D952BACA095002AB96C /* DTOs */ = {
			isa = PBXGroup;
			children = (
				64C17D982BACA1BD002AB96C /* CryptoCurrencyBasicDTO.swift */,
				64C17DA42BAF3BC1002AB96C /* CryptoCurrencyGlobalInfoDTO.swift */,
				64C17DCD2BB08231002AB96C /* PriceHistoryDTO.swift */,
				64C17D962BACA109002AB96C /* CryptoCurrencyPriceInfoDTO.swift */,
			);
			path = DTOs;
			sourceTree = "<group>";
		};
		64C17DA82BAF3FD3002AB96C /* Infraesctructure */ = {
			isa = PBXGroup;
			children = (
				64C17DA92BAF3FE4002AB96C /* Networking */,
			);
			path = Infraesctructure;
			sourceTree = "<group>";
		};
		64C17DA92BAF3FE4002AB96C /* Networking */ = {
			isa = PBXGroup;
			children = (
				64C17DA62BAF3ED5002AB96C /* HTTPClient.swift */,
				64C17DAC2BAF76A5002AB96C /* HTTPRequestBuilder.swift */,
				64C17DAA2BAF768D002AB96C /* HTTPErrorResolver.swift */,
			);
			path = Networking;
			sourceTree = "<group>";
		};
		64C17DAE2BAF7EB9002AB96C /* Presentation */ = {
			isa = PBXGroup;
			children = (
				64C17DB42BAF821E002AB96C /* Models */,
				64C17DAF2BAF7ED7002AB96C /* GlobalCryptoViewModel.swift */,
				64C17DBF2BB0741F002AB96C /* PresentationErrorMapper.swift */,
				64C17DD12BB09436002AB96C /* CryptoDetailViewModel.swift */,
			);
			path = Presentation;
			sourceTree = "<group>";
		};
		64C17DB12BAF7FD0002AB96C /* UI */ = {
			isa = PBXGroup;
			children = (
				64C17DB22BAF7FE6002AB96C /* GlobalCryptoView.swift */,
				64C17DBB2BB0555C002AB96C /* CryptoItemView.swift */,
				64C17DD32BB09453002AB96C /* CryptoDetailView.swift */,
				64C17DD52BB094C0002AB96C /* CryptoDetailHeaderView.swift */,
				64C17DD92BB0B39B002AB96C /* CreateCryptoDetailViewProtocol.swift */,
			);
			path = UI;
			sourceTree = "<group>";
		};
		64C17DB42BAF821E002AB96C /* Models */ = {
			isa = PBXGroup;
			children = (
				645B65C92BB2DFBB00118986 /* ChartDataPoint.swift */,
				64C17DB52BAF8241002AB96C /* CryptoCurrencyViewItem.swift */,
				645B65CD2BB2E58C00118986 /* DaysSelection.swift */,
			);
			path = Models;
			sourceTree = "<group>";
		};
		64C17DB72BB02EC5002AB96C /* CompositionRoot */ = {
			isa = PBXGroup;
			children = (
				64C17DB82BB02EE1002AB96C /* GlobalCryptoFactory.swift */,
				64C17DD72BB0AF3E002AB96C /* CryptoDetailFactory.swift */,
			);
			path = CompositionRoot;
			sourceTree = "<group>";
		};
		64C17DBA2BB051BD002AB96C /* Support */ = {
			isa = PBXGroup;
			children = (
				64C17D532BAC2CA3002AB96C /* Assets.xcassets */,
				64C17D4F2BAC2CA1002AB96C /* CryptoCoinsApp.swift */,
			);
			path = Support;
			sourceTree = "<group>";
		};
/* End PBXGroup section */

/* Begin PBXNativeTarget section */
		64C17D4B2BAC2CA1002AB96C /* CryptoCoins */ = {
			isa = PBXNativeTarget;
			buildConfigurationList = 64C17D712BAC2CA4002AB96C /* Build configuration list for PBXNativeTarget "CryptoCoins" */;
			buildPhases = (
				64C17D482BAC2CA1002AB96C /* Sources */,
				64C17D492BAC2CA1002AB96C /* Frameworks */,
				64C17D4A2BAC2CA1002AB96C /* Resources */,
			);
			buildRules = (
			);
			dependencies = (
			);
			name = CryptoCoins;
			productName = CryptoCoins;
			productReference = 64C17D4C2BAC2CA1002AB96C /* CryptoCoins.app */;
			productType = "com.apple.product-type.application";
		};
		64C17D5C2BAC2CA4002AB96C /* CryptoCoinsTests */ = {
			isa = PBXNativeTarget;
			buildConfigurationList = 64C17D742BAC2CA4002AB96C /* Build configuration list for PBXNativeTarget "CryptoCoinsTests" */;
			buildPhases = (
				64C17D592BAC2CA4002AB96C /* Sources */,
				64C17D5A2BAC2CA4002AB96C /* Frameworks */,
				64C17D5B2BAC2CA4002AB96C /* Resources */,
			);
			buildRules = (
			);
			dependencies = (
				64C17D5F2BAC2CA4002AB96C /* PBXTargetDependency */,
			);
			name = CryptoCoinsTests;
			productName = CryptoCoinsTests;
			productReference = 64C17D5D2BAC2CA4002AB96C /* CryptoCoinsTests.xctest */;
			productType = "com.apple.product-type.bundle.unit-test";
		};
		64C17D662BAC2CA4002AB96C /* CryptoCoinsUITests */ = {
			isa = PBXNativeTarget;
			buildConfigurationList = 64C17D772BAC2CA4002AB96C /* Build configuration list for PBXNativeTarget "CryptoCoinsUITests" */;
			buildPhases = (
				64C17D632BAC2CA4002AB96C /* Sources */,
				64C17D642BAC2CA4002AB96C /* Frameworks */,
				64C17D652BAC2CA4002AB96C /* Resources */,
			);
			buildRules = (
			);
			dependencies = (
				64C17D692BAC2CA4002AB96C /* PBXTargetDependency */,
			);
			name = CryptoCoinsUITests;
			productName = CryptoCoinsUITests;
			productReference = 64C17D672BAC2CA4002AB96C /* CryptoCoinsUITests.xctest */;
			productType = "com.apple.product-type.bundle.ui-testing";
		};
/* End PBXNativeTarget section */

/* Begin PBXProject section */
		64C17D442BAC2CA1002AB96C /* Project object */ = {
			isa = PBXProject;
			attributes = {
				BuildIndependentTargetsInParallel = 1;
				LastSwiftUpdateCheck = 1530;
				LastUpgradeCheck = 1530;
				TargetAttributes = {
					64C17D4B2BAC2CA1002AB96C = {
						CreatedOnToolsVersion = 15.3;
					};
					64C17D5C2BAC2CA4002AB96C = {
						CreatedOnToolsVersion = 15.3;
						TestTargetID = 64C17D4B2BAC2CA1002AB96C;
					};
					64C17D662BAC2CA4002AB96C = {
						CreatedOnToolsVersion = 15.3;
						TestTargetID = 64C17D4B2BAC2CA1002AB96C;
					};
				};
			};
			buildConfigurationList = 64C17D472BAC2CA1002AB96C /* Build configuration list for PBXProject "CryptoCoins" */;
			compatibilityVersion = "Xcode 14.0";
			developmentRegion = en;
			hasScannedForEncodings = 0;
			knownRegions = (
				en,
				Base,
			);
			mainGroup = 64C17D432BAC2CA1002AB96C;
			productRefGroup = 64C17D4D2BAC2CA1002AB96C /* Products */;
			projectDirPath = "";
			projectRoot = "";
			targets = (
				64C17D4B2BAC2CA1002AB96C /* CryptoCoins */,
				64C17D5C2BAC2CA4002AB96C /* CryptoCoinsTests */,
				64C17D662BAC2CA4002AB96C /* CryptoCoinsUITests */,
			);
		};
/* End PBXProject section */

/* Begin PBXResourcesBuildPhase section */
		64C17D4A2BAC2CA1002AB96C /* Resources */ = {
			isa = PBXResourcesBuildPhase;
			buildActionMask = 2147483647;
			files = (
				64C17D582BAC2CA3002AB96C /* Preview Assets.xcassets in Resources */,
				64C17D542BAC2CA3002AB96C /* Assets.xcassets in Resources */,
			);
			runOnlyForDeploymentPostprocessing = 0;
		};
		64C17D5B2BAC2CA4002AB96C /* Resources */ = {
			isa = PBXResourcesBuildPhase;
			buildActionMask = 2147483647;
			files = (
			);
			runOnlyForDeploymentPostprocessing = 0;
		};
		64C17D652BAC2CA4002AB96C /* Resources */ = {
			isa = PBXResourcesBuildPhase;
			buildActionMask = 2147483647;
			files = (
			);
			runOnlyForDeploymentPostprocessing = 0;
		};
/* End PBXResourcesBuildPhase section */

/* Begin PBXSourcesBuildPhase section */
		64C17D482BAC2CA1002AB96C /* Sources */ = {
			isa = PBXSourcesBuildPhase;
			buildActionMask = 2147483647;
			files = (
				64C17DD82BB0AF3E002AB96C /* CryptoDetailFactory.swift in Sources */,
				64C17D8D2BAC9E6C002AB96C /* CryptoCurrencyBuilder.swift in Sources */,
				64C17D8B2BAC9D8F002AB96C /* CryptoCurrencyDomainMapper.swift in Sources */,
				64C17DA32BAF3891002AB96C /* APICurrenciesDataSource.swift in Sources */,
				64C17DD62BB094C0002AB96C /* CryptoDetailHeaderView.swift in Sources */,
				64C17DB02BAF7ED7002AB96C /* GlobalCryptoViewModel.swift in Sources */,
				64C17D7B2BAC2CD1002AB96C /* CryptoCurrency.swift in Sources */,
				645B65CA2BB2DFBB00118986 /* ChartDataPoint.swift in Sources */,
				64C17DB32BAF7FE6002AB96C /* GlobalCryptoView.swift in Sources */,
				64C17DD42BB09453002AB96C /* CryptoDetailView.swift in Sources */,
				64C17D852BAC30DD002AB96C /* DomainError.swift in Sources */,
				64C17DBE2BB05937002AB96C /* Double.swift in Sources */,
				645B65CC2BB2E42000118986 /* View.swift in Sources */,
				64C17DCA2BB081C3002AB96C /* APIPricesDataSourceProtocol.swift in Sources */,
				64C17DB92BB02EE1002AB96C /* GlobalCryptoFactory.swift in Sources */,
				64C17DA72BAF3ED5002AB96C /* HTTPClient.swift in Sources */,
				64C17DD02BB08303002AB96C /* PriceHistoryDomainMapper.swift in Sources */,
				645B65CE2BB2E58C00118986 /* DaysSelection.swift in Sources */,
				64C17DCC2BB08205002AB96C /* APIPricesDataSource.swift in Sources */,
				64C17DAB2BAF768D002AB96C /* HTTPErrorResolver.swift in Sources */,
				64C17DC02BB0741F002AB96C /* PresentationErrorMapper.swift in Sources */,
				64C17D9F2BAF37D2002AB96C /* HTTPRequest.swift in Sources */,
				64C17D802BAC2D9E002AB96C /* GetGlobalCryptoListUseCase.swift in Sources */,
				64C17DDA2BB0B39B002AB96C /* CreateCryptoDetailViewProtocol.swift in Sources */,
				64C17D9D2BACA282002AB96C /* APICurrenciesDataSourceProtocol.swift in Sources */,
				64C17DC42BB07F51002AB96C /* GetPriceHistoryUseCase.swift in Sources */,
				64C17D502BAC2CA1002AB96C /* CryptoCoinsApp.swift in Sources */,
				64C17D8F2BAC9F4A002AB96C /* DomainErrorMapper.swift in Sources */,
				64C17D832BAC30A1002AB96C /* GlobalCryptoRepositoryProtocol.swift in Sources */,
				64C17DC22BB07F11002AB96C /* PriceHistory.swift in Sources */,
				64C17D9B2BACA246002AB96C /* HTTPClientError.swift in Sources */,
				64C17DC62BB0807B002AB96C /* PriceHistoryRepositoryProtocol.swift in Sources */,
				64C17DA12BAF383A002AB96C /* HTTPMethod.swift in Sources */,
				64C17D892BAC31F8002AB96C /* GlobalCryptoRepository.swift in Sources */,
				64C17DA52BAF3BC1002AB96C /* CryptoCurrencyGlobalInfoDTO.swift in Sources */,
				64C17DB62BAF8241002AB96C /* CryptoCurrencyViewItem.swift in Sources */,
				64C17D992BACA1BD002AB96C /* CryptoCurrencyBasicDTO.swift in Sources */,
				64C17DAD2BAF76A5002AB96C /* HTTPRequestBuilder.swift in Sources */,
				64C17DC82BB080F2002AB96C /* PriceHistoryRepository.swift in Sources */,
				64C17DCE2BB08231002AB96C /* PriceHistoryDTO.swift in Sources */,
				64C17D972BACA109002AB96C /* CryptoCurrencyPriceInfoDTO.swift in Sources */,
				64C17DBC2BB0555C002AB96C /* CryptoItemView.swift in Sources */,
				64C17D922BAC9FAD002AB96C /* Result.swift in Sources */,
				64C17DD22BB09436002AB96C /* CryptoDetailViewModel.swift in Sources */,
			);
			runOnlyForDeploymentPostprocessing = 0;
		};
		64C17D592BAC2CA4002AB96C /* Sources */ = {
			isa = PBXSourcesBuildPhase;
			buildActionMask = 2147483647;
			files = (
				64C17D622BAC2CA4002AB96C /* CryptoCoinsTests.swift in Sources */,
			);
			runOnlyForDeploymentPostprocessing = 0;
		};
		64C17D632BAC2CA4002AB96C /* Sources */ = {
			isa = PBXSourcesBuildPhase;
			buildActionMask = 2147483647;
			files = (
				64C17D6E2BAC2CA4002AB96C /* CryptoCoinsUITestsLaunchTests.swift in Sources */,
				64C17D6C2BAC2CA4002AB96C /* CryptoCoinsUITests.swift in Sources */,
			);
			runOnlyForDeploymentPostprocessing = 0;
		};
/* End PBXSourcesBuildPhase section */

/* Begin PBXTargetDependency section */
		64C17D5F2BAC2CA4002AB96C /* PBXTargetDependency */ = {
			isa = PBXTargetDependency;
			target = 64C17D4B2BAC2CA1002AB96C /* CryptoCoins */;
			targetProxy = 64C17D5E2BAC2CA4002AB96C /* PBXContainerItemProxy */;
		};
		64C17D692BAC2CA4002AB96C /* PBXTargetDependency */ = {
			isa = PBXTargetDependency;
			target = 64C17D4B2BAC2CA1002AB96C /* CryptoCoins */;
			targetProxy = 64C17D682BAC2CA4002AB96C /* PBXContainerItemProxy */;
		};
/* End PBXTargetDependency section */

/* Begin XCBuildConfiguration section */
		64C17D6F2BAC2CA4002AB96C /* Debug */ = {
			isa = XCBuildConfiguration;
			buildSettings = {
				ALWAYS_SEARCH_USER_PATHS = NO;
				ASSETCATALOG_COMPILER_GENERATE_SWIFT_ASSET_SYMBOL_EXTENSIONS = YES;
				CLANG_ANALYZER_NONNULL = YES;
				CLANG_ANALYZER_NUMBER_OBJECT_CONVERSION = YES_AGGRESSIVE;
				CLANG_CXX_LANGUAGE_STANDARD = "gnu++20";
				CLANG_ENABLE_MODULES = YES;
				CLANG_ENABLE_OBJC_ARC = YES;
				CLANG_ENABLE_OBJC_WEAK = YES;
				CLANG_WARN_BLOCK_CAPTURE_AUTORELEASING = YES;
				CLANG_WARN_BOOL_CONVERSION = YES;
				CLANG_WARN_COMMA = YES;
				CLANG_WARN_CONSTANT_CONVERSION = YES;
				CLANG_WARN_DEPRECATED_OBJC_IMPLEMENTATIONS = YES;
				CLANG_WARN_DIRECT_OBJC_ISA_USAGE = YES_ERROR;
				CLANG_WARN_DOCUMENTATION_COMMENTS = YES;
				CLANG_WARN_EMPTY_BODY = YES;
				CLANG_WARN_ENUM_CONVERSION = YES;
				CLANG_WARN_INFINITE_RECURSION = YES;
				CLANG_WARN_INT_CONVERSION = YES;
				CLANG_WARN_NON_LITERAL_NULL_CONVERSION = YES;
				CLANG_WARN_OBJC_IMPLICIT_RETAIN_SELF = YES;
				CLANG_WARN_OBJC_LITERAL_CONVERSION = YES;
				CLANG_WARN_OBJC_ROOT_CLASS = YES_ERROR;
				CLANG_WARN_QUOTED_INCLUDE_IN_FRAMEWORK_HEADER = YES;
				CLANG_WARN_RANGE_LOOP_ANALYSIS = YES;
				CLANG_WARN_STRICT_PROTOTYPES = YES;
				CLANG_WARN_SUSPICIOUS_MOVE = YES;
				CLANG_WARN_UNGUARDED_AVAILABILITY = YES_AGGRESSIVE;
				CLANG_WARN_UNREACHABLE_CODE = YES;
				CLANG_WARN__DUPLICATE_METHOD_MATCH = YES;
				COPY_PHASE_STRIP = NO;
				DEBUG_INFORMATION_FORMAT = dwarf;
				ENABLE_STRICT_OBJC_MSGSEND = YES;
				ENABLE_TESTABILITY = YES;
				ENABLE_USER_SCRIPT_SANDBOXING = YES;
				GCC_C_LANGUAGE_STANDARD = gnu17;
				GCC_DYNAMIC_NO_PIC = NO;
				GCC_NO_COMMON_BLOCKS = YES;
				GCC_OPTIMIZATION_LEVEL = 0;
				GCC_PREPROCESSOR_DEFINITIONS = (
					"DEBUG=1",
					"$(inherited)",
				);
				GCC_WARN_64_TO_32_BIT_CONVERSION = YES;
				GCC_WARN_ABOUT_RETURN_TYPE = YES_ERROR;
				GCC_WARN_UNDECLARED_SELECTOR = YES;
				GCC_WARN_UNINITIALIZED_AUTOS = YES_AGGRESSIVE;
				GCC_WARN_UNUSED_FUNCTION = YES;
				GCC_WARN_UNUSED_VARIABLE = YES;
				LOCALIZATION_PREFERS_STRING_CATALOGS = YES;
				MTL_ENABLE_DEBUG_INFO = INCLUDE_SOURCE;
				MTL_FAST_MATH = YES;
				ONLY_ACTIVE_ARCH = YES;
				SWIFT_ACTIVE_COMPILATION_CONDITIONS = "DEBUG $(inherited)";
				SWIFT_OPTIMIZATION_LEVEL = "-Onone";
			};
			name = Debug;
		};
		64C17D702BAC2CA4002AB96C /* Release */ = {
			isa = XCBuildConfiguration;
			buildSettings = {
				ALWAYS_SEARCH_USER_PATHS = NO;
				ASSETCATALOG_COMPILER_GENERATE_SWIFT_ASSET_SYMBOL_EXTENSIONS = YES;
				CLANG_ANALYZER_NONNULL = YES;
				CLANG_ANALYZER_NUMBER_OBJECT_CONVERSION = YES_AGGRESSIVE;
				CLANG_CXX_LANGUAGE_STANDARD = "gnu++20";
				CLANG_ENABLE_MODULES = YES;
				CLANG_ENABLE_OBJC_ARC = YES;
				CLANG_ENABLE_OBJC_WEAK = YES;
				CLANG_WARN_BLOCK_CAPTURE_AUTORELEASING = YES;
				CLANG_WARN_BOOL_CONVERSION = YES;
				CLANG_WARN_COMMA = YES;
				CLANG_WARN_CONSTANT_CONVERSION = YES;
				CLANG_WARN_DEPRECATED_OBJC_IMPLEMENTATIONS = YES;
				CLANG_WARN_DIRECT_OBJC_ISA_USAGE = YES_ERROR;
				CLANG_WARN_DOCUMENTATION_COMMENTS = YES;
				CLANG_WARN_EMPTY_BODY = YES;
				CLANG_WARN_ENUM_CONVERSION = YES;
				CLANG_WARN_INFINITE_RECURSION = YES;
				CLANG_WARN_INT_CONVERSION = YES;
				CLANG_WARN_NON_LITERAL_NULL_CONVERSION = YES;
				CLANG_WARN_OBJC_IMPLICIT_RETAIN_SELF = YES;
				CLANG_WARN_OBJC_LITERAL_CONVERSION = YES;
				CLANG_WARN_OBJC_ROOT_CLASS = YES_ERROR;
				CLANG_WARN_QUOTED_INCLUDE_IN_FRAMEWORK_HEADER = YES;
				CLANG_WARN_RANGE_LOOP_ANALYSIS = YES;
				CLANG_WARN_STRICT_PROTOTYPES = YES;
				CLANG_WARN_SUSPICIOUS_MOVE = YES;
				CLANG_WARN_UNGUARDED_AVAILABILITY = YES_AGGRESSIVE;
				CLANG_WARN_UNREACHABLE_CODE = YES;
				CLANG_WARN__DUPLICATE_METHOD_MATCH = YES;
				COPY_PHASE_STRIP = NO;
				DEBUG_INFORMATION_FORMAT = "dwarf-with-dsym";
				ENABLE_NS_ASSERTIONS = NO;
				ENABLE_STRICT_OBJC_MSGSEND = YES;
				ENABLE_USER_SCRIPT_SANDBOXING = YES;
				GCC_C_LANGUAGE_STANDARD = gnu17;
				GCC_NO_COMMON_BLOCKS = YES;
				GCC_WARN_64_TO_32_BIT_CONVERSION = YES;
				GCC_WARN_ABOUT_RETURN_TYPE = YES_ERROR;
				GCC_WARN_UNDECLARED_SELECTOR = YES;
				GCC_WARN_UNINITIALIZED_AUTOS = YES_AGGRESSIVE;
				GCC_WARN_UNUSED_FUNCTION = YES;
				GCC_WARN_UNUSED_VARIABLE = YES;
				LOCALIZATION_PREFERS_STRING_CATALOGS = YES;
				MTL_ENABLE_DEBUG_INFO = NO;
				MTL_FAST_MATH = YES;
				SWIFT_COMPILATION_MODE = wholemodule;
			};
			name = Release;
		};
		64C17D722BAC2CA4002AB96C /* Debug */ = {
			isa = XCBuildConfiguration;
			buildSettings = {
				ASSETCATALOG_COMPILER_APPICON_NAME = AppIcon;
				ASSETCATALOG_COMPILER_GLOBAL_ACCENT_COLOR_NAME = AccentColor;
				CODE_SIGN_ENTITLEMENTS = CryptoCoins/CryptoCoins.entitlements;
				CODE_SIGN_STYLE = Automatic;
				CURRENT_PROJECT_VERSION = 1;
				DEVELOPMENT_ASSET_PATHS = "\"CryptoCoins/Preview Content\"";
				DEVELOPMENT_TEAM = E4FS2YTF43;
				ENABLE_HARDENED_RUNTIME = YES;
				ENABLE_PREVIEWS = YES;
				GENERATE_INFOPLIST_FILE = YES;
				"INFOPLIST_KEY_UIApplicationSceneManifest_Generation[sdk=iphoneos*]" = YES;
				"INFOPLIST_KEY_UIApplicationSceneManifest_Generation[sdk=iphonesimulator*]" = YES;
				"INFOPLIST_KEY_UIApplicationSupportsIndirectInputEvents[sdk=iphoneos*]" = YES;
				"INFOPLIST_KEY_UIApplicationSupportsIndirectInputEvents[sdk=iphonesimulator*]" = YES;
				"INFOPLIST_KEY_UILaunchScreen_Generation[sdk=iphoneos*]" = YES;
				"INFOPLIST_KEY_UILaunchScreen_Generation[sdk=iphonesimulator*]" = YES;
				"INFOPLIST_KEY_UIStatusBarStyle[sdk=iphoneos*]" = UIStatusBarStyleDefault;
				"INFOPLIST_KEY_UIStatusBarStyle[sdk=iphonesimulator*]" = UIStatusBarStyleDefault;
				INFOPLIST_KEY_UISupportedInterfaceOrientations_iPad = "UIInterfaceOrientationPortrait UIInterfaceOrientationPortraitUpsideDown UIInterfaceOrientationLandscapeLeft UIInterfaceOrientationLandscapeRight";
				INFOPLIST_KEY_UISupportedInterfaceOrientations_iPhone = "UIInterfaceOrientationPortrait UIInterfaceOrientationLandscapeLeft UIInterfaceOrientationLandscapeRight";
				IPHONEOS_DEPLOYMENT_TARGET = 17.4;
				LD_RUNPATH_SEARCH_PATHS = "@executable_path/Frameworks";
				"LD_RUNPATH_SEARCH_PATHS[sdk=macosx*]" = "@executable_path/../Frameworks";
				MACOSX_DEPLOYMENT_TARGET = 14.3;
				MARKETING_VERSION = 1.0;
				PRODUCT_BUNDLE_IDENTIFIER = UtilApps.CryptoCoins;
				PRODUCT_NAME = "$(TARGET_NAME)";
				SDKROOT = auto;
				SUPPORTED_PLATFORMS = "iphoneos iphonesimulator macosx";
				SWIFT_EMIT_LOC_STRINGS = YES;
				SWIFT_VERSION = 5.0;
				TARGETED_DEVICE_FAMILY = "1,2";
			};
			name = Debug;
		};
		64C17D732BAC2CA4002AB96C /* Release */ = {
			isa = XCBuildConfiguration;
			buildSettings = {
				ASSETCATALOG_COMPILER_APPICON_NAME = AppIcon;
				ASSETCATALOG_COMPILER_GLOBAL_ACCENT_COLOR_NAME = AccentColor;
				CODE_SIGN_ENTITLEMENTS = CryptoCoins/CryptoCoins.entitlements;
				CODE_SIGN_STYLE = Automatic;
				CURRENT_PROJECT_VERSION = 1;
				DEVELOPMENT_ASSET_PATHS = "\"CryptoCoins/Preview Content\"";
				DEVELOPMENT_TEAM = E4FS2YTF43;
				ENABLE_HARDENED_RUNTIME = YES;
				ENABLE_PREVIEWS = YES;
				GENERATE_INFOPLIST_FILE = YES;
				"INFOPLIST_KEY_UIApplicationSceneManifest_Generation[sdk=iphoneos*]" = YES;
				"INFOPLIST_KEY_UIApplicationSceneManifest_Generation[sdk=iphonesimulator*]" = YES;
				"INFOPLIST_KEY_UIApplicationSupportsIndirectInputEvents[sdk=iphoneos*]" = YES;
				"INFOPLIST_KEY_UIApplicationSupportsIndirectInputEvents[sdk=iphonesimulator*]" = YES;
				"INFOPLIST_KEY_UILaunchScreen_Generation[sdk=iphoneos*]" = YES;
				"INFOPLIST_KEY_UILaunchScreen_Generation[sdk=iphonesimulator*]" = YES;
				"INFOPLIST_KEY_UIStatusBarStyle[sdk=iphoneos*]" = UIStatusBarStyleDefault;
				"INFOPLIST_KEY_UIStatusBarStyle[sdk=iphonesimulator*]" = UIStatusBarStyleDefault;
				INFOPLIST_KEY_UISupportedInterfaceOrientations_iPad = "UIInterfaceOrientationPortrait UIInterfaceOrientationPortraitUpsideDown UIInterfaceOrientationLandscapeLeft UIInterfaceOrientationLandscapeRight";
				INFOPLIST_KEY_UISupportedInterfaceOrientations_iPhone = "UIInterfaceOrientationPortrait UIInterfaceOrientationLandscapeLeft UIInterfaceOrientationLandscapeRight";
				IPHONEOS_DEPLOYMENT_TARGET = 17.4;
				LD_RUNPATH_SEARCH_PATHS = "@executable_path/Frameworks";
				"LD_RUNPATH_SEARCH_PATHS[sdk=macosx*]" = "@executable_path/../Frameworks";
				MACOSX_DEPLOYMENT_TARGET = 14.3;
				MARKETING_VERSION = 1.0;
				PRODUCT_BUNDLE_IDENTIFIER = UtilApps.CryptoCoins;
				PRODUCT_NAME = "$(TARGET_NAME)";
				SDKROOT = auto;
				SUPPORTED_PLATFORMS = "iphoneos iphonesimulator macosx";
				SWIFT_EMIT_LOC_STRINGS = YES;
				SWIFT_VERSION = 5.0;
				TARGETED_DEVICE_FAMILY = "1,2";
			};
			name = Release;
		};
		64C17D752BAC2CA4002AB96C /* Debug */ = {
			isa = XCBuildConfiguration;
			buildSettings = {
				ALWAYS_EMBED_SWIFT_STANDARD_LIBRARIES = YES;
				BUNDLE_LOADER = "$(TEST_HOST)";
				CODE_SIGN_STYLE = Automatic;
				CURRENT_PROJECT_VERSION = 1;
				DEVELOPMENT_TEAM = E4FS2YTF43;
				GENERATE_INFOPLIST_FILE = YES;
				IPHONEOS_DEPLOYMENT_TARGET = 17.4;
				MACOSX_DEPLOYMENT_TARGET = 14.3;
				MARKETING_VERSION = 1.0;
				PRODUCT_BUNDLE_IDENTIFIER = UtilApps.CryptoCoinsTests;
				PRODUCT_NAME = "$(TARGET_NAME)";
				SDKROOT = auto;
				SUPPORTED_PLATFORMS = "iphoneos iphonesimulator macosx";
				SWIFT_EMIT_LOC_STRINGS = NO;
				SWIFT_VERSION = 5.0;
				TARGETED_DEVICE_FAMILY = "1,2";
				TEST_HOST = "$(BUILT_PRODUCTS_DIR)/CryptoCoins.app/$(BUNDLE_EXECUTABLE_FOLDER_PATH)/CryptoCoins";
			};
			name = Debug;
		};
		64C17D762BAC2CA4002AB96C /* Release */ = {
			isa = XCBuildConfiguration;
			buildSettings = {
				ALWAYS_EMBED_SWIFT_STANDARD_LIBRARIES = YES;
				BUNDLE_LOADER = "$(TEST_HOST)";
				CODE_SIGN_STYLE = Automatic;
				CURRENT_PROJECT_VERSION = 1;
				DEVELOPMENT_TEAM = E4FS2YTF43;
				GENERATE_INFOPLIST_FILE = YES;
				IPHONEOS_DEPLOYMENT_TARGET = 17.4;
				MACOSX_DEPLOYMENT_TARGET = 14.3;
				MARKETING_VERSION = 1.0;
				PRODUCT_BUNDLE_IDENTIFIER = UtilApps.CryptoCoinsTests;
				PRODUCT_NAME = "$(TARGET_NAME)";
				SDKROOT = auto;
				SUPPORTED_PLATFORMS = "iphoneos iphonesimulator macosx";
				SWIFT_EMIT_LOC_STRINGS = NO;
				SWIFT_VERSION = 5.0;
				TARGETED_DEVICE_FAMILY = "1,2";
				TEST_HOST = "$(BUILT_PRODUCTS_DIR)/CryptoCoins.app/$(BUNDLE_EXECUTABLE_FOLDER_PATH)/CryptoCoins";
			};
			name = Release;
		};
		64C17D782BAC2CA4002AB96C /* Debug */ = {
			isa = XCBuildConfiguration;
			buildSettings = {
				ALWAYS_EMBED_SWIFT_STANDARD_LIBRARIES = YES;
				CODE_SIGN_STYLE = Automatic;
				CURRENT_PROJECT_VERSION = 1;
				DEVELOPMENT_TEAM = E4FS2YTF43;
				GENERATE_INFOPLIST_FILE = YES;
				IPHONEOS_DEPLOYMENT_TARGET = 17.4;
				MACOSX_DEPLOYMENT_TARGET = 14.3;
				MARKETING_VERSION = 1.0;
				PRODUCT_BUNDLE_IDENTIFIER = UtilApps.CryptoCoinsUITests;
				PRODUCT_NAME = "$(TARGET_NAME)";
				SDKROOT = auto;
				SUPPORTED_PLATFORMS = "iphoneos iphonesimulator macosx";
				SWIFT_EMIT_LOC_STRINGS = NO;
				SWIFT_VERSION = 5.0;
				TARGETED_DEVICE_FAMILY = "1,2";
				TEST_TARGET_NAME = CryptoCoins;
			};
			name = Debug;
		};
		64C17D792BAC2CA4002AB96C /* Release */ = {
			isa = XCBuildConfiguration;
			buildSettings = {
				ALWAYS_EMBED_SWIFT_STANDARD_LIBRARIES = YES;
				CODE_SIGN_STYLE = Automatic;
				CURRENT_PROJECT_VERSION = 1;
				DEVELOPMENT_TEAM = E4FS2YTF43;
				GENERATE_INFOPLIST_FILE = YES;
				IPHONEOS_DEPLOYMENT_TARGET = 17.4;
				MACOSX_DEPLOYMENT_TARGET = 14.3;
				MARKETING_VERSION = 1.0;
				PRODUCT_BUNDLE_IDENTIFIER = UtilApps.CryptoCoinsUITests;
				PRODUCT_NAME = "$(TARGET_NAME)";
				SDKROOT = auto;
				SUPPORTED_PLATFORMS = "iphoneos iphonesimulator macosx";
				SWIFT_EMIT_LOC_STRINGS = NO;
				SWIFT_VERSION = 5.0;
				TARGETED_DEVICE_FAMILY = "1,2";
				TEST_TARGET_NAME = CryptoCoins;
			};
			name = Release;
		};
/* End XCBuildConfiguration section */

/* Begin XCConfigurationList section */
		64C17D472BAC2CA1002AB96C /* Build configuration list for PBXProject "CryptoCoins" */ = {
			isa = XCConfigurationList;
			buildConfigurations = (
				64C17D6F2BAC2CA4002AB96C /* Debug */,
				64C17D702BAC2CA4002AB96C /* Release */,
			);
			defaultConfigurationIsVisible = 0;
			defaultConfigurationName = Release;
		};
		64C17D712BAC2CA4002AB96C /* Build configuration list for PBXNativeTarget "CryptoCoins" */ = {
			isa = XCConfigurationList;
			buildConfigurations = (
				64C17D722BAC2CA4002AB96C /* Debug */,
				64C17D732BAC2CA4002AB96C /* Release */,
			);
			defaultConfigurationIsVisible = 0;
			defaultConfigurationName = Release;
		};
		64C17D742BAC2CA4002AB96C /* Build configuration list for PBXNativeTarget "CryptoCoinsTests" */ = {
			isa = XCConfigurationList;
			buildConfigurations = (
				64C17D752BAC2CA4002AB96C /* Debug */,
				64C17D762BAC2CA4002AB96C /* Release */,
			);
			defaultConfigurationIsVisible = 0;
			defaultConfigurationName = Release;
		};
		64C17D772BAC2CA4002AB96C /* Build configuration list for PBXNativeTarget "CryptoCoinsUITests" */ = {
			isa = XCConfigurationList;
			buildConfigurations = (
				64C17D782BAC2CA4002AB96C /* Debug */,
				64C17D792BAC2CA4002AB96C /* Release */,
			);
			defaultConfigurationIsVisible = 0;
			defaultConfigurationName = Release;
		};
/* End XCConfigurationList section */
	};
	rootObject = 64C17D442BAC2CA1002AB96C /* Project object */;
}
